
Microsoft Visual Studio Solution File, Format Version 12.00
# Visual Studio 15
VisualStudioVersion = 15.0.28010.2046
MinimumVisualStudioVersion = 10.0.40219.1
Project("{9A19103F-16F7-4668-BE54-9A1E7A4F7556}") = "MyProfile", "MyProfile\MyProfile.csproj", "{37BADBF3-8C06-4E07-A7E9-13EF917EA4AB}"
EndProject
Global
	GlobalSection(SolutionConfigurationPlatforms) = preSolution
		Debug|Any CPU = Debug|Any CPU
		Release|Any CPU = Release|Any CPU
	EndGlobalSection
	GlobalSection(ProjectConfigurationPlatforms) = postSolution
		{37BADBF3-8C06-4E07-A7E9-13EF917EA4AB}.Debug|Any CPU.ActiveCfg = Debug|Any CPU
		{37BADBF3-8C06-4E07-A7E9-13EF917EA4AB}.Debug|Any CPU.Build.0 = Debug|Any CPU
		{37BADBF3-8C06-4E07-A7E9-13EF917EA4AB}.Release|Any CPU.ActiveCfg = Release|Any CPU
		{37BADBF3-8C06-4E07-A7E9-13EF917EA4AB}.Release|Any CPU.Build.0 = Release|Any CPU
	EndGlobalSection
	GlobalSection(SolutionProperties) = preSolution
		HideSolutionNode = FALSE
	EndGlobalSection
	GlobalSection(ExtensibilityGlobals) = postSolution
		SolutionGuid = {B7FEC1F4-63E6-4C72-94EB-97B4FFA3E8D7}
	EndGlobalSection
EndGlobal
